
Microsoft Visual Studio Solution File, Format Version 12.00
# Visual Studio Version 16
VisualStudioVersion = 16.0.31005.135
MinimumVisualStudioVersion = 10.0.40219.1
Project("{FAE04EC0-301F-11D3-BF4B-00C04F79EFBC}") = "back-end", "back-end.csproj", "{07035B67-D402-4935-BBF8-EADCC63DAFB3}"
EndProject
Global
	GlobalSection(SolutionConfigurationPlatforms) = preSolution
		Debug|Any CPU = Debug|Any CPU
		Release|Any CPU = Release|Any CPU
	EndGlobalSection
	GlobalSection(ProjectConfigurationPlatforms) = postSolution
		{07035B67-D402-4935-BBF8-EADCC63DAFB3}.Debug|Any CPU.ActiveCfg = Debug|Any CPU
		{07035B67-D402-4935-BBF8-EADCC63DAFB3}.Debug|Any CPU.Build.0 = Debug|Any CPU
		{07035B67-D402-4935-BBF8-EADCC63DAFB3}.Release|Any CPU.ActiveCfg = Release|Any CPU
		{07035B67-D402-4935-BBF8-EADCC63DAFB3}.Release|Any CPU.Build.0 = Release|Any CPU
	EndGlobalSection
	GlobalSection(SolutionProperties) = preSolution
		HideSolutionNode = FALSE
	EndGlobalSection
	GlobalSection(ExtensibilityGlobals) = postSolution
		SolutionGuid = {A9EAF5D0-FBC8-4F55-A2E1-09489C44ABFC}
	EndGlobalSection
EndGlobal
